Microsoft Visual Studio Solution File, Format Version 12.00
# Visual Studio Version 17
VisualStudioVersion = 17.5.2.0
MinimumVisualStudioVersion = 10.0.40219.1
Project("{FAE04EC0-301F-11D3-BF4B-00C04F79EFBC}") = "ForumApi", "ForumApi\ForumApi.csproj", "{AB713889-A3A5-08A5-617B-1B69CA451540}"
EndProject
Global
	GlobalSection(SolutionConfigurationPlatforms) = preSolution
		Debug|Any CPU = Debug|Any CPU
		Release|Any CPU = Release|Any CPU
	EndGlobalSection
	GlobalSection(ProjectConfigurationPlatforms) = postSolution
		{AB713889-A3A5-08A5-617B-1B69CA451540}.Debug|Any CPU.ActiveCfg = Debug|Any CPU
		{AB713889-A3A5-08A5-617B-1B69CA451540}.Debug|Any CPU.Build.0 = Debug|Any CPU
		{AB713889-A3A5-08A5-617B-1B69CA451540}.Release|Any CPU.ActiveCfg = Release|Any CPU
		{AB713889-A3A5-08A5-617B-1B69CA451540}.Release|Any CPU.Build.0 = Release|Any CPU
	EndGlobalSection
	GlobalSection(SolutionProperties) = preSolution
		HideSolutionNode = FALSE
	EndGlobalSection
	GlobalSection(ExtensibilityGlobals) = postSolution
		SolutionGuid = {EAD1248B-41F6-4B7F-9516-B6DC2D0BB25F}
	EndGlobalSection
EndGlobal
